
Microsoft Visual Studio Solution File, Format Version 12.00
# Visual Studio 14
VisualStudioVersion = 14.0.25420.1
MinimumVisualStudioVersion = 10.0.40219.1
Project("{FAE04EC0-301F-11D3-BF4B-00C04F79EFBC}") = "ParallelExtensionsExtras", "Lib\ParallelExtensionsExtras\ParallelExtensionsExtras.csproj", "{C45218F8-09E7-4F57-85BC-5D8D2AC736A3}"
EndProject
Project("{2150E333-8FDC-42A3-9474-1A3956D46DE8}") = "Model", "Model", "{BA061C0B-2848-4824-820F-97E733A0878A}"
EndProject
Project("{2150E333-8FDC-42A3-9474-1A3956D46DE8}") = "Lib", "Lib", "{E8659BE7-8C98-4250-BF36-5F037DCE70F5}"
EndProject
Project("{2150E333-8FDC-42A3-9474-1A3956D46DE8}") = "Application", "Application", "{67E7B08B-BB6D-4E7E-AF45-DBACABAB22A2}"
EndProject
Project("{2150E333-8FDC-42A3-9474-1A3956D46DE8}") = "CPLEX125", "CPLEX125", "{FD513F4B-E91E-423C-9942-F25277F72664}"
	ProjectSection(SolutionItems) = preProject
		Lib\CPLEX125\cplex1251.dll = Lib\CPLEX125\cplex1251.dll
		Lib\CPLEX125\ILOG.Concert.dll = Lib\CPLEX125\ILOG.Concert.dll
		Lib\CPLEX125\ILOG.CPLEX.dll = Lib\CPLEX125\ILOG.CPLEX.dll
	EndProjectSection
EndProject
Project("{FAE04EC0-301F-11D3-BF4B-00C04F79EFBC}") = "com.foxmail.wyyuan1991.Common.ExcelHelper", "Lib\ExcelHelper\com.foxmail.wyyuan1991.Common.ExcelHelper.csproj", "{2DBC6DA4-0F47-4A10-9D3F-E23412992A74}"
EndProject
Project("{2150E333-8FDC-42A3-9474-1A3956D46DE8}") = "BasicModel", "BasicModel", "{F821CF74-CDB3-4107-B442-06DE8834A1A4}"
EndProject
Project("{FAE04EC0-301F-11D3-BF4B-00C04F79EFBC}") = "INRM", "Model\BasicModel\Common\INRM.csproj", "{EC798AF0-986B-46F0-8AC1-5F0EF10BDC56}"
EndProject
Project("{FAE04EC0-301F-11D3-BF4B-00C04F79EFBC}") = "RailwayModel", "Model\RailwayModel\RailwayModel.csproj", "{EC6BC46E-257E-499C-8596-0378959A1532}"
EndProject
Project("{2150E333-8FDC-42A3-9474-1A3956D46DE8}") = "Solver", "Solver", "{2BA877B9-C3A4-4BC0-88F1-F7BA739DB7D3}"
EndProject
Project("{FAE04EC0-301F-11D3-BF4B-00C04F79EFBC}") = "NRMSolver", "Solver\NRMSolver\NRMSolver.csproj", "{F76E88A0-2F8E-4EEA-8270-CAEF3C71DDC0}"
EndProject
Project("{FAE04EC0-301F-11D3-BF4B-00C04F79EFBC}") = "RailwayNRM", "Solver\RailwayNRM\RailwayNRM.csproj", "{BD285507-3416-456F-8B8A-7770CBEF5914}"
EndProject
Project("{FAE04EC0-301F-11D3-BF4B-00C04F79EFBC}") = "IALP", "Model\BasicModel\ALP\IALP.csproj", "{E8ED1FFF-AD8E-4601-92FD-D913174FF9DE}"
EndProject
Project("{2150E333-8FDC-42A3-9474-1A3956D46DE8}") = "Data", "Data", "{3B60789C-E8FB-4CED-87AC-A72AFEA5FB5A}"
EndProject
Project("{FAE04EC0-301F-11D3-BF4B-00C04F79EFBC}") = "DataGenerator", "Data\DataGenerator\DataGenerator.csproj", "{E9348010-486B-4AC5-AE49-98FF0F268672}"
EndProject
Project("{2150E333-8FDC-42A3-9474-1A3956D46DE8}") = "Simulation", "Simulation", "{518C515C-0D11-49C5-A9B8-51D130445F10}"
EndProject
Project("{FAE04EC0-301F-11D3-BF4B-00C04F79EFBC}") = "SimAnalysis", "Simulation\SimAnalysis\SimAnalysis.csproj", "{160876BF-687E-4D5D-A991-197A5B4E8170}"
EndProject
Project("{FAE04EC0-301F-11D3-BF4B-00C04F79EFBC}") = "SimModel", "Simulation\SimModel\SimModel.csproj", "{80D38342-20EC-4A5B-8D2D-5DB20BE54DCD}"
EndProject
Project("{FAE04EC0-301F-11D3-BF4B-00C04F79EFBC}") = "Simulator", "Simulation\Simulator\Simulator.csproj", "{4E355E21-E898-4A3D-9E30-CF674E6EC7D7}"
EndProject
Project("{FAE04EC0-301F-11D3-BF4B-00C04F79EFBC}") = "SimPolicy", "Simulation\SimPolicy\SimPolicy.csproj", "{AE709774-08FB-4176-A93A-981675AB4F50}"
EndProject
Project("{FAE04EC0-301F-11D3-BF4B-00C04F79EFBC}") = "CplexMultiThreadTest", "Appliation\CplexMultiThreadTest\CplexMultiThreadTest.csproj", "{8DACAFCA-10CA-45C0-A558-2F4CB0B509BA}"
EndProject
Project("{2150E333-8FDC-42A3-9474-1A3956D46DE8}") = "CommandLine", "CommandLine", "{21CEF85C-6659-4C64-9A6D-63C36ADBC003}"
	ProjectSection(SolutionItems) = preProject
		Lib\CommandLine\CommandLine.dll = Lib\CommandLine\CommandLine.dll
		Lib\CommandLine\CommandLine.xml = Lib\CommandLine\CommandLine.xml
	EndProjectSection
EndProject
Project("{FAE04EC0-301F-11D3-BF4B-00C04F79EFBC}") = "NRM Command", "Appliation\NRM Command\NRM Command.csproj", "{1B3FE642-7749-4F55-88A7-EBE5970F52D4}"
EndProject
Project("{2150E333-8FDC-42A3-9474-1A3956D46DE8}") = "Solution Items", "Solution Items", "{EA8EF15E-F59D-43E8-9B70-4DB7923F1B4A}"
	ProjectSection(SolutionItems) = preProject
		README.md = README.md
	EndProjectSection
EndProject
Global
	GlobalSection(SolutionConfigurationPlatforms) = preSolution
		Debug|Any CPU = Debug|Any CPU
		Debug|x86 = Debug|x86
		Release|Any CPU = Release|Any CPU
		Release|x86 = Release|x86
		UnitTest|Any CPU = UnitTest|Any CPU
		UnitTest|x86 = UnitTest|x86
	EndGlobalSection
	GlobalSection(ProjectConfigurationPlatforms) = postSolution
		{C45218F8-09E7-4F57-85BC-5D8D2AC736A3}.Debug|Any CPU.ActiveCfg = Debug|Any CPU
		{C45218F8-09E7-4F57-85BC-5D8D2AC736A3}.Debug|Any CPU.Build.0 = Debug|Any CPU
		{C45218F8-09E7-4F57-85BC-5D8D2AC736A3}.Debug|x86.ActiveCfg = Debug|Any CPU
		{C45218F8-09E7-4F57-85BC-5D8D2AC736A3}.Debug|x86.Build.0 = Debug|Any CPU
		{C45218F8-09E7-4F57-85BC-5D8D2AC736A3}.Release|Any CPU.ActiveCfg = Release|Any CPU
		{C45218F8-09E7-4F57-85BC-5D8D2AC736A3}.Release|Any CPU.Build.0 = Release|Any CPU
		{C45218F8-09E7-4F57-85BC-5D8D2AC736A3}.Release|x86.ActiveCfg = Release|Any CPU
		{C45218F8-09E7-4F57-85BC-5D8D2AC736A3}.Release|x86.Build.0 = Release|Any CPU
		{C45218F8-09E7-4F57-85BC-5D8D2AC736A3}.UnitTest|Any CPU.ActiveCfg = Release|Any CPU
		{C45218F8-09E7-4F57-85BC-5D8D2AC736A3}.UnitTest|Any CPU.Build.0 = Release|Any CPU
		{C45218F8-09E7-4F57-85BC-5D8D2AC736A3}.UnitTest|x86.ActiveCfg = Release|Any CPU
		{C45218F8-09E7-4F57-85BC-5D8D2AC736A3}.UnitTest|x86.Build.0 = Release|Any CPU
		{2DBC6DA4-0F47-4A10-9D3F-E23412992A74}.Debug|Any CPU.ActiveCfg = Debug|Any CPU
		{2DBC6DA4-0F47-4A10-9D3F-E23412992A74}.Debug|Any CPU.Build.0 = Debug|Any CPU
		{2DBC6DA4-0F47-4A10-9D3F-E23412992A74}.Debug|x86.ActiveCfg = Debug|Any CPU
		{2DBC6DA4-0F47-4A10-9D3F-E23412992A74}.Debug|x86.Build.0 = Debug|Any CPU
		{2DBC6DA4-0F47-4A10-9D3F-E23412992A74}.Release|Any CPU.ActiveCfg = Release|Any CPU
		{2DBC6DA4-0F47-4A10-9D3F-E23412992A74}.Release|Any CPU.Build.0 = Release|Any CPU
		{2DBC6DA4-0F47-4A10-9D3F-E23412992A74}.Release|x86.ActiveCfg = Release|Any CPU
		{2DBC6DA4-0F47-4A10-9D3F-E23412992A74}.Release|x86.Build.0 = Release|Any CPU
		{2DBC6DA4-0F47-4A10-9D3F-E23412992A74}.UnitTest|Any CPU.ActiveCfg = UnitTest|Any CPU
		{2DBC6DA4-0F47-4A10-9D3F-E23412992A74}.UnitTest|Any CPU.Build.0 = UnitTest|Any CPU
		{2DBC6DA4-0F47-4A10-9D3F-E23412992A74}.UnitTest|x86.ActiveCfg = UnitTest|Any CPU
		{2DBC6DA4-0F47-4A10-9D3F-E23412992A74}.UnitTest|x86.Build.0 = UnitTest|Any CPU
		{EC798AF0-986B-46F0-8AC1-5F0EF10BDC56}.Debug|Any CPU.ActiveCfg = Debug|Any CPU
		{EC798AF0-986B-46F0-8AC1-5F0EF10BDC56}.Debug|Any CPU.Build.0 = Debug|Any CPU
		{EC798AF0-986B-46F0-8AC1-5F0EF10BDC56}.Debug|x86.ActiveCfg = Debug|Any CPU
		{EC798AF0-986B-46F0-8AC1-5F0EF10BDC56}.Debug|x86.Build.0 = Debug|Any CPU
		{EC798AF0-986B-46F0-8AC1-5F0EF10BDC56}.Release|Any CPU.ActiveCfg = Release|Any CPU
		{EC798AF0-986B-46F0-8AC1-5F0EF10BDC56}.Release|Any CPU.Build.0 = Release|Any CPU
		{EC798AF0-986B-46F0-8AC1-5F0EF10BDC56}.Release|x86.ActiveCfg = Release|Any CPU
		{EC798AF0-986B-46F0-8AC1-5F0EF10BDC56}.Release|x86.Build.0 = Release|Any CPU
		{EC798AF0-986B-46F0-8AC1-5F0EF10BDC56}.UnitTest|Any CPU.ActiveCfg = Release|Any CPU
		{EC798AF0-986B-46F0-8AC1-5F0EF10BDC56}.UnitTest|Any CPU.Build.0 = Release|Any CPU
		{EC798AF0-986B-46F0-8AC1-5F0EF10BDC56}.UnitTest|x86.ActiveCfg = Release|Any CPU
		{EC798AF0-986B-46F0-8AC1-5F0EF10BDC56}.UnitTest|x86.Build.0 = Release|Any CPU
		{EC6BC46E-257E-499C-8596-0378959A1532}.Debug|Any CPU.ActiveCfg = Debug|Any CPU
		{EC6BC46E-257E-499C-8596-0378959A1532}.Debug|Any CPU.Build.0 = Debug|Any CPU
		{EC6BC46E-257E-499C-8596-0378959A1532}.Debug|x86.ActiveCfg = Debug|Any CPU
		{EC6BC46E-257E-499C-8596-0378959A1532}.Debug|x86.Build.0 = Debug|Any CPU
		{EC6BC46E-257E-499C-8596-0378959A1532}.Release|Any CPU.ActiveCfg = Release|Any CPU
		{EC6BC46E-257E-499C-8596-0378959A1532}.Release|Any CPU.Build.0 = Release|Any CPU
		{EC6BC46E-257E-499C-8596-0378959A1532}.Release|x86.ActiveCfg = Release|Any CPU
		{EC6BC46E-257E-499C-8596-0378959A1532}.Release|x86.Build.0 = Release|Any CPU
		{EC6BC46E-257E-499C-8596-0378959A1532}.UnitTest|Any CPU.ActiveCfg = Release|Any CPU
		{EC6BC46E-257E-499C-8596-0378959A1532}.UnitTest|Any CPU.Build.0 = Release|Any CPU
		{EC6BC46E-257E-499C-8596-0378959A1532}.UnitTest|x86.ActiveCfg = Release|Any CPU
		{EC6BC46E-257E-499C-8596-0378959A1532}.UnitTest|x86.Build.0 = Release|Any CPU
		{F76E88A0-2F8E-4EEA-8270-CAEF3C71DDC0}.Debug|Any CPU.ActiveCfg = Debug|Any CPU
		{F76E88A0-2F8E-4EEA-8270-CAEF3C71DDC0}.Debug|Any CPU.Build.0 = Debug|Any CPU
		{F76E88A0-2F8E-4EEA-8270-CAEF3C71DDC0}.Debug|x86.ActiveCfg = Debug|Any CPU
		{F76E88A0-2F8E-4EEA-8270-CAEF3C71DDC0}.Debug|x86.Build.0 = Debug|Any CPU
		{F76E88A0-2F8E-4EEA-8270-CAEF3C71DDC0}.Release|Any CPU.ActiveCfg = Release|Any CPU
		{F76E88A0-2F8E-4EEA-8270-CAEF3C71DDC0}.Release|Any CPU.Build.0 = Release|Any CPU
		{F76E88A0-2F8E-4EEA-8270-CAEF3C71DDC0}.Release|x86.ActiveCfg = Release|Any CPU
		{F76E88A0-2F8E-4EEA-8270-CAEF3C71DDC0}.Release|x86.Build.0 = Release|Any CPU
		{F76E88A0-2F8E-4EEA-8270-CAEF3C71DDC0}.UnitTest|Any CPU.ActiveCfg = Release|Any CPU
		{F76E88A0-2F8E-4EEA-8270-CAEF3C71DDC0}.UnitTest|Any CPU.Build.0 = Release|Any CPU
		{F76E88A0-2F8E-4EEA-8270-CAEF3C71DDC0}.UnitTest|x86.ActiveCfg = Release|Any CPU
		{F76E88A0-2F8E-4EEA-8270-CAEF3C71DDC0}.UnitTest|x86.Build.0 = Release|Any CPU
		{BD285507-3416-456F-8B8A-7770CBEF5914}.Debug|Any CPU.ActiveCfg = Debug|Any CPU
		{BD285507-3416-456F-8B8A-7770CBEF5914}.Debug|Any CPU.Build.0 = Debug|Any CPU
		{BD285507-3416-456F-8B8A-7770CBEF5914}.Debug|x86.ActiveCfg = Debug|Any CPU
		{BD285507-3416-456F-8B8A-7770CBEF5914}.Debug|x86.Build.0 = Debug|Any CPU
		{BD285507-3416-456F-8B8A-7770CBEF5914}.Release|Any CPU.ActiveCfg = Release|Any CPU
		{BD285507-3416-456F-8B8A-7770CBEF5914}.Release|Any CPU.Build.0 = Release|Any CPU
		{BD285507-3416-456F-8B8A-7770CBEF5914}.Release|x86.ActiveCfg = Release|Any CPU
		{BD285507-3416-456F-8B8A-7770CBEF5914}.Release|x86.Build.0 = Release|Any CPU
		{BD285507-3416-456F-8B8A-7770CBEF5914}.UnitTest|Any CPU.ActiveCfg = Release|Any CPU
		{BD285507-3416-456F-8B8A-7770CBEF5914}.UnitTest|Any CPU.Build.0 = Release|Any CPU
		{BD285507-3416-456F-8B8A-7770CBEF5914}.UnitTest|x86.ActiveCfg = Release|Any CPU
		{BD285507-3416-456F-8B8A-7770CBEF5914}.UnitTest|x86.Build.0 = Release|Any CPU
		{E8ED1FFF-AD8E-4601-92FD-D913174FF9DE}.Debug|Any CPU.ActiveCfg = Debug|Any CPU
		{E8ED1FFF-AD8E-4601-92FD-D913174FF9DE}.Debug|Any CPU.Build.0 = Debug|Any CPU
		{E8ED1FFF-AD8E-4601-92FD-D913174FF9DE}.Debug|x86.ActiveCfg = Debug|Any CPU
		{E8ED1FFF-AD8E-4601-92FD-D913174FF9DE}.Debug|x86.Build.0 = Debug|Any CPU
		{E8ED1FFF-AD8E-4601-92FD-D913174FF9DE}.Release|Any CPU.ActiveCfg = Release|Any CPU
		{E8ED1FFF-AD8E-4601-92FD-D913174FF9DE}.Release|Any CPU.Build.0 = Release|Any CPU
		{E8ED1FFF-AD8E-4601-92FD-D913174FF9DE}.Release|x86.ActiveCfg = Release|Any CPU
		{E8ED1FFF-AD8E-4601-92FD-D913174FF9DE}.Release|x86.Build.0 = Release|Any CPU
		{E8ED1FFF-AD8E-4601-92FD-D913174FF9DE}.UnitTest|Any CPU.ActiveCfg = Release|Any CPU
		{E8ED1FFF-AD8E-4601-92FD-D913174FF9DE}.UnitTest|Any CPU.Build.0 = Release|Any CPU
		{E8ED1FFF-AD8E-4601-92FD-D913174FF9DE}.UnitTest|x86.ActiveCfg = Release|Any CPU
		{E8ED1FFF-AD8E-4601-92FD-D913174FF9DE}.UnitTest|x86.Build.0 = Release|Any CPU
		{E9348010-486B-4AC5-AE49-98FF0F268672}.Debug|Any CPU.ActiveCfg = Debug|Any CPU
		{E9348010-486B-4AC5-AE49-98FF0F268672}.Debug|Any CPU.Build.0 = Debug|Any CPU
		{E9348010-486B-4AC5-AE49-98FF0F268672}.Debug|x86.ActiveCfg = Debug|Any CPU
		{E9348010-486B-4AC5-AE49-98FF0F268672}.Debug|x86.Build.0 = Debug|Any CPU
		{E9348010-486B-4AC5-AE49-98FF0F268672}.Release|Any CPU.ActiveCfg = Release|Any CPU
		{E9348010-486B-4AC5-AE49-98FF0F268672}.Release|Any CPU.Build.0 = Release|Any CPU
		{E9348010-486B-4AC5-AE49-98FF0F268672}.Release|x86.ActiveCfg = Release|Any CPU
		{E9348010-486B-4AC5-AE49-98FF0F268672}.Release|x86.Build.0 = Release|Any CPU
		{E9348010-486B-4AC5-AE49-98FF0F268672}.UnitTest|Any CPU.ActiveCfg = Release|Any CPU
		{E9348010-486B-4AC5-AE49-98FF0F268672}.UnitTest|Any CPU.Build.0 = Release|Any CPU
		{E9348010-486B-4AC5-AE49-98FF0F268672}.UnitTest|x86.ActiveCfg = Release|Any CPU
		{E9348010-486B-4AC5-AE49-98FF0F268672}.UnitTest|x86.Build.0 = Release|Any CPU
		{160876BF-687E-4D5D-A991-197A5B4E8170}.Debug|Any CPU.ActiveCfg = Debug|Any CPU
		{160876BF-687E-4D5D-A991-197A5B4E8170}.Debug|Any CPU.Build.0 = Debug|Any CPU
		{160876BF-687E-4D5D-A991-197A5B4E8170}.Debug|x86.ActiveCfg = Debug|Any CPU
		{160876BF-687E-4D5D-A991-197A5B4E8170}.Debug|x86.Build.0 = Debug|Any CPU
		{160876BF-687E-4D5D-A991-197A5B4E8170}.Release|Any CPU.ActiveCfg = Release|Any CPU
		{160876BF-687E-4D5D-A991-197A5B4E8170}.Release|Any CPU.Build.0 = Release|Any CPU
		{160876BF-687E-4D5D-A991-197A5B4E8170}.Release|x86.ActiveCfg = Release|Any CPU
		{160876BF-687E-4D5D-A991-197A5B4E8170}.Release|x86.Build.0 = Release|Any CPU
		{160876BF-687E-4D5D-A991-197A5B4E8170}.UnitTest|Any CPU.ActiveCfg = Release|Any CPU
		{160876BF-687E-4D5D-A991-197A5B4E8170}.UnitTest|Any CPU.Build.0 = Release|Any CPU
		{160876BF-687E-4D5D-A991-197A5B4E8170}.UnitTest|x86.ActiveCfg = Release|Any CPU
		{160876BF-687E-4D5D-A991-197A5B4E8170}.UnitTest|x86.Build.0 = Release|Any CPU
		{80D38342-20EC-4A5B-8D2D-5DB20BE54DCD}.Debug|Any CPU.ActiveCfg = Debug|Any CPU
		{80D38342-20EC-4A5B-8D2D-5DB20BE54DCD}.Debug|Any CPU.Build.0 = Debug|Any CPU
		{80D38342-20EC-4A5B-8D2D-5DB20BE54DCD}.Debug|x86.ActiveCfg = Debug|Any CPU
		{80D38342-20EC-4A5B-8D2D-5DB20BE54DCD}.Debug|x86.Build.0 = Debug|Any CPU
		{80D38342-20EC-4A5B-8D2D-5DB20BE54DCD}.Release|Any CPU.ActiveCfg = Release|Any CPU
		{80D38342-20EC-4A5B-8D2D-5DB20BE54DCD}.Release|Any CPU.Build.0 = Release|Any CPU
		{80D38342-20EC-4A5B-8D2D-5DB20BE54DCD}.Release|x86.ActiveCfg = Release|Any CPU
		{80D38342-20EC-4A5B-8D2D-5DB20BE54DCD}.Release|x86.Build.0 = Release|Any CPU
		{80D38342-20EC-4A5B-8D2D-5DB20BE54DCD}.UnitTest|Any CPU.ActiveCfg = Release|Any CPU
		{80D38342-20EC-4A5B-8D2D-5DB20BE54DCD}.UnitTest|Any CPU.Build.0 = Release|Any CPU
		{80D38342-20EC-4A5B-8D2D-5DB20BE54DCD}.UnitTest|x86.ActiveCfg = Release|Any CPU
		{80D38342-20EC-4A5B-8D2D-5DB20BE54DCD}.UnitTest|x86.Build.0 = Release|Any CPU
		{4E355E21-E898-4A3D-9E30-CF674E6EC7D7}.Debug|Any CPU.ActiveCfg = Debug|Any CPU
		{4E355E21-E898-4A3D-9E30-CF674E6EC7D7}.Debug|Any CPU.Build.0 = Debug|Any CPU
		{4E355E21-E898-4A3D-9E30-CF674E6EC7D7}.Debug|x86.ActiveCfg = Debug|Any CPU
		{4E355E21-E898-4A3D-9E30-CF674E6EC7D7}.Debug|x86.Build.0 = Debug|Any CPU
		{4E355E21-E898-4A3D-9E30-CF674E6EC7D7}.Release|Any CPU.ActiveCfg = Release|Any CPU
		{4E355E21-E898-4A3D-9E30-CF674E6EC7D7}.Release|Any CPU.Build.0 = Release|Any CPU
		{4E355E21-E898-4A3D-9E30-CF674E6EC7D7}.Release|x86.ActiveCfg = Release|Any CPU
		{4E355E21-E898-4A3D-9E30-CF674E6EC7D7}.Release|x86.Build.0 = Release|Any CPU
		{4E355E21-E898-4A3D-9E30-CF674E6EC7D7}.UnitTest|Any CPU.ActiveCfg = Release|Any CPU
		{4E355E21-E898-4A3D-9E30-CF674E6EC7D7}.UnitTest|Any CPU.Build.0 = Release|Any CPU
		{4E355E21-E898-4A3D-9E30-CF674E6EC7D7}.UnitTest|x86.ActiveCfg = Release|Any CPU
		{4E355E21-E898-4A3D-9E30-CF674E6EC7D7}.UnitTest|x86.Build.0 = Release|Any CPU
		{AE709774-08FB-4176-A93A-981675AB4F50}.Debug|Any CPU.ActiveCfg = Debug|Any CPU
		{AE709774-08FB-4176-A93A-981675AB4F50}.Debug|Any CPU.Build.0 = Debug|Any CPU
		{AE709774-08FB-4176-A93A-981675AB4F50}.Debug|x86.ActiveCfg = Debug|Any CPU
		{AE709774-08FB-4176-A93A-981675AB4F50}.Debug|x86.Build.0 = Debug|Any CPU
		{AE709774-08FB-4176-A93A-981675AB4F50}.Release|Any CPU.ActiveCfg = Release|Any CPU
		{AE709774-08FB-4176-A93A-981675AB4F50}.Release|Any CPU.Build.0 = Release|Any CPU
		{AE709774-08FB-4176-A93A-981675AB4F50}.Release|x86.ActiveCfg = Release|Any CPU
		{AE709774-08FB-4176-A93A-981675AB4F50}.Release|x86.Build.0 = Release|Any CPU
		{AE709774-08FB-4176-A93A-981675AB4F50}.UnitTest|Any CPU.ActiveCfg = Release|Any CPU
		{AE709774-08FB-4176-A93A-981675AB4F50}.UnitTest|Any CPU.Build.0 = Release|Any CPU
		{AE709774-08FB-4176-A93A-981675AB4F50}.UnitTest|x86.ActiveCfg = Release|Any CPU
		{AE709774-08FB-4176-A93A-981675AB4F50}.UnitTest|x86.Build.0 = Release|Any CPU
		{8DACAFCA-10CA-45C0-A558-2F4CB0B509BA}.Debug|Any CPU.ActiveCfg = Debug|Any CPU
		{8DACAFCA-10CA-45C0-A558-2F4CB0B509BA}.Debug|Any CPU.Build.0 = Debug|Any CPU
		{8DACAFCA-10CA-45C0-A558-2F4CB0B509BA}.Debug|x86.ActiveCfg = Debug|Any CPU
		{8DACAFCA-10CA-45C0-A558-2F4CB0B509BA}.Debug|x86.Build.0 = Debug|Any CPU
		{8DACAFCA-10CA-45C0-A558-2F4CB0B509BA}.Release|Any CPU.ActiveCfg = Release|Any CPU
		{8DACAFCA-10CA-45C0-A558-2F4CB0B509BA}.Release|Any CPU.Build.0 = Release|Any CPU
		{8DACAFCA-10CA-45C0-A558-2F4CB0B509BA}.Release|x86.ActiveCfg = Release|Any CPU
		{8DACAFCA-10CA-45C0-A558-2F4CB0B509BA}.Release|x86.Build.0 = Release|Any CPU
		{8DACAFCA-10CA-45C0-A558-2F4CB0B509BA}.UnitTest|Any CPU.ActiveCfg = Release|Any CPU
		{8DACAFCA-10CA-45C0-A558-2F4CB0B509BA}.UnitTest|Any CPU.Build.0 = Release|Any CPU
		{8DACAFCA-10CA-45C0-A558-2F4CB0B509BA}.UnitTest|x86.ActiveCfg = Release|Any CPU
		{8DACAFCA-10CA-45C0-A558-2F4CB0B509BA}.UnitTest|x86.Build.0 = Release|Any CPU
		{1B3FE642-7749-4F55-88A7-EBE5970F52D4}.Debug|Any CPU.ActiveCfg = Debug|Any CPU
		{1B3FE642-7749-4F55-88A7-EBE5970F52D4}.Debug|Any CPU.Build.0 = Debug|Any CPU
		{1B3FE642-7749-4F55-88A7-EBE5970F52D4}.Debug|x86.ActiveCfg = Debug|Any CPU
		{1B3FE642-7749-4F55-88A7-EBE5970F52D4}.Debug|x86.Build.0 = Debug|Any CPU
		{1B3FE642-7749-4F55-88A7-EBE5970F52D4}.Release|Any CPU.ActiveCfg = Release|Any CPU
		{1B3FE642-7749-4F55-88A7-EBE5970F52D4}.Release|Any CPU.Build.0 = Release|Any CPU
		{1B3FE642-7749-4F55-88A7-EBE5970F52D4}.Release|x86.ActiveCfg = Release|Any CPU
		{1B3FE642-7749-4F55-88A7-EBE5970F52D4}.Release|x86.Build.0 = Release|Any CPU
		{1B3FE642-7749-4F55-88A7-EBE5970F52D4}.UnitTest|Any CPU.ActiveCfg = Release|Any CPU
		{1B3FE642-7749-4F55-88A7-EBE5970F52D4}.UnitTest|Any CPU.Build.0 = Release|Any CPU
		{1B3FE642-7749-4F55-88A7-EBE5970F52D4}.UnitTest|x86.ActiveCfg = Release|Any CPU
		{1B3FE642-7749-4F55-88A7-EBE5970F52D4}.UnitTest|x86.Build.0 = Release|Any CPU
	EndGlobalSection
	GlobalSection(SolutionProperties) = preSolution
		HideSolutionNode = FALSE
	EndGlobalSection
	GlobalSection(NestedProjects) = preSolution
		{C45218F8-09E7-4F57-85BC-5D8D2AC736A3} = {E8659BE7-8C98-4250-BF36-5F037DCE70F5}
		{FD513F4B-E91E-423C-9942-F25277F72664} = {E8659BE7-8C98-4250-BF36-5F037DCE70F5}
		{2DBC6DA4-0F47-4A10-9D3F-E23412992A74} = {E8659BE7-8C98-4250-BF36-5F037DCE70F5}
		{F821CF74-CDB3-4107-B442-06DE8834A1A4} = {BA061C0B-2848-4824-820F-97E733A0878A}
		{EC798AF0-986B-46F0-8AC1-5F0EF10BDC56} = {F821CF74-CDB3-4107-B442-06DE8834A1A4}
		{EC6BC46E-257E-499C-8596-0378959A1532} = {BA061C0B-2848-4824-820F-97E733A0878A}
		{F76E88A0-2F8E-4EEA-8270-CAEF3C71DDC0} = {2BA877B9-C3A4-4BC0-88F1-F7BA739DB7D3}
		{BD285507-3416-456F-8B8A-7770CBEF5914} = {2BA877B9-C3A4-4BC0-88F1-F7BA739DB7D3}
		{E8ED1FFF-AD8E-4601-92FD-D913174FF9DE} = {F821CF74-CDB3-4107-B442-06DE8834A1A4}
		{E9348010-486B-4AC5-AE49-98FF0F268672} = {3B60789C-E8FB-4CED-87AC-A72AFEA5FB5A}
		{160876BF-687E-4D5D-A991-197A5B4E8170} = {518C515C-0D11-49C5-A9B8-51D130445F10}
		{80D38342-20EC-4A5B-8D2D-5DB20BE54DCD} = {518C515C-0D11-49C5-A9B8-51D130445F10}
		{4E355E21-E898-4A3D-9E30-CF674E6EC7D7} = {518C515C-0D11-49C5-A9B8-51D130445F10}
		{AE709774-08FB-4176-A93A-981675AB4F50} = {518C515C-0D11-49C5-A9B8-51D130445F10}
		{8DACAFCA-10CA-45C0-A558-2F4CB0B509BA} = {67E7B08B-BB6D-4E7E-AF45-DBACABAB22A2}
		{21CEF85C-6659-4C64-9A6D-63C36ADBC003} = {E8659BE7-8C98-4250-BF36-5F037DCE70F5}
		{1B3FE642-7749-4F55-88A7-EBE5970F52D4} = {67E7B08B-BB6D-4E7E-AF45-DBACABAB22A2}
	EndGlobalSection
EndGlobal
